
Microsoft Visual Studio Solution File, Format Version 12.00
Project("{FAE04EC0-301F-11D3-BF4B-00C04F79EFBC}") = "CStructSharp", "src\CStructSharp\CStructSharp.csproj", "{EF1FDDFF-5608-4063-BA6D-830ADEB16FD1}"
EndProject
Project("{FAE04EC0-301F-11D3-BF4B-00C04F79EFBC}") = "CStructSharpTests", "tests\CStructSharpTests\CStructSharpTests.csproj", "{D4402660-66FE-4F53-9755-C93F05656231}"
EndProject
Project("{FAE04EC0-301F-11D3-BF4B-00C04F79EFBC}") = "CStructSharp.Benchmarks", "benchmarks\CStructSharp.Benchmarks\CStructSharp.Benchmarks.csproj", "{8C35B7E8-16A5-4E96-B85E-7DEAD14F22D7}"
EndProject
Project("{FAE04EC0-301F-11D3-BF4B-00C04F79EFBC}") = "CStructSharp.Fuzz", "tests\CStructSharp.Fuzz\CStructSharp.Fuzz.csproj", "{E7A36D0E-1206-4F23-8D18-C02A6A5383F9}"
EndProject
Project("{FAE04EC0-301F-11D3-BF4B-00C04F79EFBC}") = "CStructSharp.FixtureTool", "benchmarks\CStructSharp.FixtureTool\CStructSharp.FixtureTool.csproj", "{8F642332-3984-42BA-964D-A78814504F80}"
EndProject
Project("{FAE04EC0-301F-11D3-BF4B-00C04F79EFBC}") = "MemoryAnalysis", "docs\examples\memory-analysis\MemoryAnalysis.csproj", "{7E2D591F-8EC2-4ACD-8104-CA6547B958A0}"
EndProject
Project("{2150E333-8FDC-42A3-9474-1A3956D46DE8}") = "src", "src", "{827E0CD3-B72D-47B6-A68D-7590B98EB39B}"
EndProject
Project("{FAE04EC0-301F-11D3-BF4B-00C04F79EFBC}") = "CStructSharp.Generators", "src\CStructSharp.Generators\CStructSharp.Generators.csproj", "{B4B2F2C7-32F7-4E66-AE42-B0D66D576CD7}"
EndProject
Project("{2150E333-8FDC-42A3-9474-1A3956D46DE8}") = "tests", "tests", "{0AB3BF05-4346-4AA6-1389-037BE0695223}"
EndProject
Project("{FAE04EC0-301F-11D3-BF4B-00C04F79EFBC}") = "CStructSharp.Generators.Tests", "tests\CStructSharp.Generators.Tests\CStructSharp.Generators.Tests.csproj", "{884D1B8A-9107-4357-9203-259CF7013F3F}"
EndProject
Global
	GlobalSection(SolutionConfigurationPlatforms) = preSolution
		Debug|Any CPU = Debug|Any CPU
		Debug|x64 = Debug|x64
		Debug|x86 = Debug|x86
		Release|Any CPU = Release|Any CPU
		Release|x64 = Release|x64
		Release|x86 = Release|x86
	EndGlobalSection
	GlobalSection(ProjectConfigurationPlatforms) = postSolution
		{EF1FDDFF-5608-4063-BA6D-830ADEB16FD1}.Debug|Any CPU.ActiveCfg = Debug|Any CPU
		{EF1FDDFF-5608-4063-BA6D-830ADEB16FD1}.Debug|Any CPU.Build.0 = Debug|Any CPU
		{EF1FDDFF-5608-4063-BA6D-830ADEB16FD1}.Debug|x64.ActiveCfg = Debug|Any CPU
		{EF1FDDFF-5608-4063-BA6D-830ADEB16FD1}.Debug|x64.Build.0 = Debug|Any CPU
		{EF1FDDFF-5608-4063-BA6D-830ADEB16FD1}.Debug|x86.ActiveCfg = Debug|Any CPU
		{EF1FDDFF-5608-4063-BA6D-830ADEB16FD1}.Debug|x86.Build.0 = Debug|Any CPU
		{EF1FDDFF-5608-4063-BA6D-830ADEB16FD1}.Release|Any CPU.ActiveCfg = Release|Any CPU
		{EF1FDDFF-5608-4063-BA6D-830ADEB16FD1}.Release|Any CPU.Build.0 = Release|Any CPU
		{EF1FDDFF-5608-4063-BA6D-830ADEB16FD1}.Release|x64.ActiveCfg = Release|Any CPU
		{EF1FDDFF-5608-4063-BA6D-830ADEB16FD1}.Release|x64.Build.0 = Release|Any CPU
		{EF1FDDFF-5608-4063-BA6D-830ADEB16FD1}.Release|x86.ActiveCfg = Release|Any CPU
		{EF1FDDFF-5608-4063-BA6D-830ADEB16FD1}.Release|x86.Build.0 = Release|Any CPU
		{D4402660-66FE-4F53-9755-C93F05656231}.Debug|Any CPU.ActiveCfg = Debug|Any CPU
		{D4402660-66FE-4F53-9755-C93F05656231}.Debug|Any CPU.Build.0 = Debug|Any CPU
		{D4402660-66FE-4F53-9755-C93F05656231}.Debug|x64.ActiveCfg = Debug|Any CPU
		{D4402660-66FE-4F53-9755-C93F05656231}.Debug|x64.Build.0 = Debug|Any CPU
		{D4402660-66FE-4F53-9755-C93F05656231}.Debug|x86.ActiveCfg = Debug|Any CPU
		{D4402660-66FE-4F53-9755-C93F05656231}.Debug|x86.Build.0 = Debug|Any CPU
		{D4402660-66FE-4F53-9755-C93F05656231}.Release|Any CPU.ActiveCfg = Release|Any CPU
		{D4402660-66FE-4F53-9755-C93F05656231}.Release|Any CPU.Build.0 = Release|Any CPU
		{D4402660-66FE-4F53-9755-C93F05656231}.Release|x64.ActiveCfg = Release|Any CPU
		{D4402660-66FE-4F53-9755-C93F05656231}.Release|x64.Build.0 = Release|Any CPU
		{D4402660-66FE-4F53-9755-C93F05656231}.Release|x86.ActiveCfg = Release|Any CPU
		{D4402660-66FE-4F53-9755-C93F05656231}.Release|x86.Build.0 = Release|Any CPU
		{8C35B7E8-16A5-4E96-B85E-7DEAD14F22D7}.Debug|Any CPU.ActiveCfg = Debug|Any CPU
		{8C35B7E8-16A5-4E96-B85E-7DEAD14F22D7}.Debug|Any CPU.Build.0 = Debug|Any CPU
		{8C35B7E8-16A5-4E96-B85E-7DEAD14F22D7}.Debug|x64.ActiveCfg = Debug|Any CPU
		{8C35B7E8-16A5-4E96-B85E-7DEAD14F22D7}.Debug|x64.Build.0 = Debug|Any CPU
		{8C35B7E8-16A5-4E96-B85E-7DEAD14F22D7}.Debug|x86.ActiveCfg = Debug|Any CPU
		{8C35B7E8-16A5-4E96-B85E-7DEAD14F22D7}.Debug|x86.Build.0 = Debug|Any CPU
		{8C35B7E8-16A5-4E96-B85E-7DEAD14F22D7}.Release|Any CPU.ActiveCfg = Release|Any CPU
		{8C35B7E8-16A5-4E96-B85E-7DEAD14F22D7}.Release|Any CPU.Build.0 = Release|Any CPU
		{8C35B7E8-16A5-4E96-B85E-7DEAD14F22D7}.Release|x64.ActiveCfg = Release|Any CPU
		{8C35B7E8-16A5-4E96-B85E-7DEAD14F22D7}.Release|x64.Build.0 = Release|Any CPU
		{8C35B7E8-16A5-4E96-B85E-7DEAD14F22D7}.Release|x86.ActiveCfg = Release|Any CPU
		{8C35B7E8-16A5-4E96-B85E-7DEAD14F22D7}.Release|x86.Build.0 = Release|Any CPU
		{E7A36D0E-1206-4F23-8D18-C02A6A5383F9}.Debug|Any CPU.ActiveCfg = Debug|Any CPU
		{E7A36D0E-1206-4F23-8D18-C02A6A5383F9}.Debug|Any CPU.Build.0 = Debug|Any CPU
		{E7A36D0E-1206-4F23-8D18-C02A6A5383F9}.Debug|x64.ActiveCfg = Debug|Any CPU
		{E7A36D0E-1206-4F23-8D18-C02A6A5383F9}.Debug|x64.Build.0 = Debug|Any CPU
		{E7A36D0E-1206-4F23-8D18-C02A6A5383F9}.Debug|x86.ActiveCfg = Debug|Any CPU
		{E7A36D0E-1206-4F23-8D18-C02A6A5383F9}.Debug|x86.Build.0 = Debug|Any CPU
		{E7A36D0E-1206-4F23-8D18-C02A6A5383F9}.Release|Any CPU.ActiveCfg = Release|Any CPU
		{E7A36D0E-1206-4F23-8D18-C02A6A5383F9}.Release|Any CPU.Build.0 = Release|Any CPU
		{E7A36D0E-1206-4F23-8D18-C02A6A5383F9}.Release|x64.ActiveCfg = Release|Any CPU
		{E7A36D0E-1206-4F23-8D18-C02A6A5383F9}.Release|x64.Build.0 = Release|Any CPU
		{E7A36D0E-1206-4F23-8D18-C02A6A5383F9}.Release|x86.ActiveCfg = Release|Any CPU
		{E7A36D0E-1206-4F23-8D18-C02A6A5383F9}.Release|x86.Build.0 = Release|Any CPU
		{8F642332-3984-42BA-964D-A78814504F80}.Debug|Any CPU.ActiveCfg = Debug|Any CPU
		{8F642332-3984-42BA-964D-A78814504F80}.Debug|Any CPU.Build.0 = Debug|Any CPU
		{8F642332-3984-42BA-964D-A78814504F80}.Debug|x64.ActiveCfg = Debug|Any CPU
		{8F642332-3984-42BA-964D-A78814504F80}.Debug|x64.Build.0 = Debug|Any CPU
		{8F642332-3984-42BA-964D-A78814504F80}.Debug|x86.ActiveCfg = Debug|Any CPU
		{8F642332-3984-42BA-964D-A78814504F80}.Debug|x86.Build.0 = Debug|Any CPU
		{8F642332-3984-42BA-964D-A78814504F80}.Release|Any CPU.ActiveCfg = Release|Any CPU
		{8F642332-3984-42BA-964D-A78814504F80}.Release|Any CPU.Build.0 = Release|Any CPU
		{8F642332-3984-42BA-964D-A78814504F80}.Release|x64.ActiveCfg = Release|Any CPU
		{8F642332-3984-42BA-964D-A78814504F80}.Release|x64.Build.0 = Release|Any CPU
		{8F642332-3984-42BA-964D-A78814504F80}.Release|x86.ActiveCfg = Release|Any CPU
		{8F642332-3984-42BA-964D-A78814504F80}.Release|x86.Build.0 = Release|Any CPU
		{7E2D591F-8EC2-4ACD-8104-CA6547B958A0}.Debug|Any CPU.ActiveCfg = Debug|Any CPU
		{7E2D591F-8EC2-4ACD-8104-CA6547B958A0}.Debug|Any CPU.Build.0 = Debug|Any CPU
		{7E2D591F-8EC2-4ACD-8104-CA6547B958A0}.Debug|x64.ActiveCfg = Debug|Any CPU
		{7E2D591F-8EC2-4ACD-8104-CA6547B958A0}.Debug|x64.Build.0 = Debug|Any CPU
		{7E2D591F-8EC2-4ACD-8104-CA6547B958A0}.Debug|x86.ActiveCfg = Debug|Any CPU
		{7E2D591F-8EC2-4ACD-8104-CA6547B958A0}.Debug|x86.Build.0 = Debug|Any CPU
		{7E2D591F-8EC2-4ACD-8104-CA6547B958A0}.Release|Any CPU.ActiveCfg = Release|Any CPU
		{7E2D591F-8EC2-4ACD-8104-CA6547B958A0}.Release|Any CPU.Build.0 = Release|Any CPU
		{7E2D591F-8EC2-4ACD-8104-CA6547B958A0}.Release|x64.ActiveCfg = Release|Any CPU
		{7E2D591F-8EC2-4ACD-8104-CA6547B958A0}.Release|x64.Build.0 = Release|Any CPU
		{7E2D591F-8EC2-4ACD-8104-CA6547B958A0}.Release|x86.ActiveCfg = Release|Any CPU
		{7E2D591F-8EC2-4ACD-8104-CA6547B958A0}.Release|x86.Build.0 = Release|Any CPU
		{B4B2F2C7-32F7-4E66-AE42-B0D66D576CD7}.Debug|Any CPU.ActiveCfg = Debug|Any CPU
		{B4B2F2C7-32F7-4E66-AE42-B0D66D576CD7}.Debug|Any CPU.Build.0 = Debug|Any CPU
		{B4B2F2C7-32F7-4E66-AE42-B0D66D576CD7}.Debug|x64.ActiveCfg = Debug|Any CPU
		{B4B2F2C7-32F7-4E66-AE42-B0D66D576CD7}.Debug|x64.Build.0 = Debug|Any CPU
		{B4B2F2C7-32F7-4E66-AE42-B0D66D576CD7}.Debug|x86.ActiveCfg = Debug|Any CPU
		{B4B2F2C7-32F7-4E66-AE42-B0D66D576CD7}.Debug|x86.Build.0 = Debug|Any CPU
		{B4B2F2C7-32F7-4E66-AE42-B0D66D576CD7}.Release|Any CPU.ActiveCfg = Release|Any CPU
		{B4B2F2C7-32F7-4E66-AE42-B0D66D576CD7}.Release|Any CPU.Build.0 = Release|Any CPU
		{B4B2F2C7-32F7-4E66-AE42-B0D66D576CD7}.Release|x64.ActiveCfg = Release|Any CPU
		{B4B2F2C7-32F7-4E66-AE42-B0D66D576CD7}.Release|x64.Build.0 = Release|Any CPU
		{B4B2F2C7-32F7-4E66-AE42-B0D66D576CD7}.Release|x86.ActiveCfg = Release|Any CPU
		{B4B2F2C7-32F7-4E66-AE42-B0D66D576CD7}.Release|x86.Build.0 = Release|Any CPU
		{884D1B8A-9107-4357-9203-259CF7013F3F}.Debug|Any CPU.ActiveCfg = Debug|Any CPU
		{884D1B8A-9107-4357-9203-259CF7013F3F}.Debug|Any CPU.Build.0 = Debug|Any CPU
		{884D1B8A-9107-4357-9203-259CF7013F3F}.Debug|x64.ActiveCfg = Debug|Any CPU
		{884D1B8A-9107-4357-9203-259CF7013F3F}.Debug|x64.Build.0 = Debug|Any CPU
		{884D1B8A-9107-4357-9203-259CF7013F3F}.Debug|x86.ActiveCfg = Debug|Any CPU
		{884D1B8A-9107-4357-9203-259CF7013F3F}.Debug|x86.Build.0 = Debug|Any CPU
		{884D1B8A-9107-4357-9203-259CF7013F3F}.Release|Any CPU.ActiveCfg = Release|Any CPU
		{884D1B8A-9107-4357-9203-259CF7013F3F}.Release|Any CPU.Build.0 = Release|Any CPU
		{884D1B8A-9107-4357-9203-259CF7013F3F}.Release|x64.ActiveCfg = Release|Any CPU
		{884D1B8A-9107-4357-9203-259CF7013F3F}.Release|x64.Build.0 = Release|Any CPU
		{884D1B8A-9107-4357-9203-259CF7013F3F}.Release|x86.ActiveCfg = Release|Any CPU
		{884D1B8A-9107-4357-9203-259CF7013F3F}.Release|x86.Build.0 = Release|Any CPU
	EndGlobalSection
	GlobalSection(SolutionProperties) = preSolution
		HideSolutionNode = FALSE
	EndGlobalSection
	GlobalSection(NestedProjects) = preSolution
		{B4B2F2C7-32F7-4E66-AE42-B0D66D576CD7} = {827E0CD3-B72D-47B6-A68D-7590B98EB39B}
		{884D1B8A-9107-4357-9203-259CF7013F3F} = {0AB3BF05-4346-4AA6-1389-037BE0695223}
	EndGlobalSection
EndGlobal
