
Microsoft Visual Studio Solution File, Format Version 12.00
Project("{FAE04EC0-301F-11D3-BF4B-00C04F79EFBC}") = "CStructSharp", "src\CStructSharp\CStructSharp.csproj", "{EF1FDDFF-5608-4063-BA6D-830ADEB16FD1}"
EndProject
Project("{FAE04EC0-301F-11D3-BF4B-00C04F79EFBC}") = "CStructSharpTests", "tests\CStructSharpTests\CStructSharpTests.csproj", "{D4402660-66FE-4F53-9755-C93F05656231}"
EndProject
Project("{FAE04EC0-301F-11D3-BF4B-00C04F79EFBC}") = "CStructSharpWeb.Wasm", "src\CStructSharp.Wasm\CStructSharpWeb.Wasm.csproj", "{76507A4F-8732-4703-B6F0-B9E8258E646E}"
EndProject
Project("{FAE04EC0-301F-11D3-BF4B-00C04F79EFBC}") = "CStructSharp.Benchmarks", "benchmarks\CStructSharp.Benchmarks\CStructSharp.Benchmarks.csproj", "{8C35B7E8-16A5-4E96-B85E-7DEAD14F22D7}"
EndProject
Project("{FAE04EC0-301F-11D3-BF4B-00C04F79EFBC}") = "CStructSharp.Fuzz", "tests\CStructSharp.Fuzz\CStructSharp.Fuzz.csproj", "{E7A36D0E-1206-4F23-8D18-C02A6A5383F9}"
EndProject
Project("{FAE04EC0-301F-11D3-BF4B-00C04F79EFBC}") = "CStructSharp.FixtureTool", "benchmarks\CStructSharp.FixtureTool\CStructSharp.FixtureTool.csproj", "{8F642332-3984-42BA-964D-A78814504F80}"
EndProject
Project("{FAE04EC0-301F-11D3-BF4B-00C04F79EFBC}") = "MemoryAnalysis", "docs\examples\memory-analysis\MemoryAnalysis.csproj", "{4D4115F3-8A35-4C93-B4F5-C7B2A7854C01}"
EndProject
Project("{2150E333-8FDC-42A3-9474-1A3956D46DE8}") = "src", "src", "{827E0CD3-B72D-47B6-A68D-7590B98EB39B}"
EndProject
Project("{FAE04EC0-301F-11D3-BF4B-00C04F79EFBC}") = "CStructSharp.Generators", "src\CStructSharp.Generators\CStructSharp.Generators.csproj", "{F7AC2394-1939-4DC0-9A82-581C07069ACC}"
EndProject
Project("{2150E333-8FDC-42A3-9474-1A3956D46DE8}") = "tests", "tests", "{0AB3BF05-4346-4AA6-1389-037BE0695223}"
EndProject
Project("{FAE04EC0-301F-11D3-BF4B-00C04F79EFBC}") = "CStructSharp.Generators.Tests", "tests\CStructSharp.Generators.Tests\CStructSharp.Generators.Tests.csproj", "{248C237D-69DA-47B7-A4FD-0F1573571CA5}"
EndProject
Project("{FAE04EC0-301F-11D3-BF4B-00C04F79EFBC}") = "CStructSharp.Generated.Parity", "tests\CStructSharp.Generated.Parity\CStructSharp.Generated.Parity.csproj", "{1D145FEA-0561-413F-A315-69EAD06EC855}"
EndProject
Project("{FAE04EC0-301F-11D3-BF4B-00C04F79EFBC}") = "CStructSharp.Generators.Modern.Tests", "tests\CStructSharp.Generators.Modern.Tests\CStructSharp.Generators.Modern.Tests.csproj", "{C398CF15-81BC-4FDD-82B2-E340CC503708}"
EndProject
Global
	GlobalSection(SolutionConfigurationPlatforms) = preSolution
		Debug|Any CPU = Debug|Any CPU
		Debug|x64 = Debug|x64
		Debug|x86 = Debug|x86
		Release|Any CPU = Release|Any CPU
		Release|x64 = Release|x64
		Release|x86 = Release|x86
	EndGlobalSection
	GlobalSection(ProjectConfigurationPlatforms) = postSolution
		{C398CF15-81BC-4FDD-82B2-E340CC503708}.Debug|Any CPU.ActiveCfg = Debug|Any CPU
		{C398CF15-81BC-4FDD-82B2-E340CC503708}.Debug|Any CPU.Build.0 = Debug|Any CPU
		{C398CF15-81BC-4FDD-82B2-E340CC503708}.Debug|x64.ActiveCfg = Debug|Any CPU
		{C398CF15-81BC-4FDD-82B2-E340CC503708}.Debug|x64.Build.0 = Debug|Any CPU
		{C398CF15-81BC-4FDD-82B2-E340CC503708}.Debug|x86.ActiveCfg = Debug|Any CPU
		{C398CF15-81BC-4FDD-82B2-E340CC503708}.Debug|x86.Build.0 = Debug|Any CPU
		{C398CF15-81BC-4FDD-82B2-E340CC503708}.Release|Any CPU.ActiveCfg = Release|Any CPU
		{C398CF15-81BC-4FDD-82B2-E340CC503708}.Release|Any CPU.Build.0 = Release|Any CPU
		{C398CF15-81BC-4FDD-82B2-E340CC503708}.Release|x64.ActiveCfg = Release|Any CPU
		{C398CF15-81BC-4FDD-82B2-E340CC503708}.Release|x64.Build.0 = Release|Any CPU
		{C398CF15-81BC-4FDD-82B2-E340CC503708}.Release|x86.ActiveCfg = Release|Any CPU
		{C398CF15-81BC-4FDD-82B2-E340CC503708}.Release|x86.Build.0 = Release|Any CPU
		{EF1FDDFF-5608-4063-BA6D-830ADEB16FD1}.Debug|Any CPU.ActiveCfg = Debug|Any CPU
		{EF1FDDFF-5608-4063-BA6D-830ADEB16FD1}.Debug|Any CPU.Build.0 = Debug|Any CPU
		{EF1FDDFF-5608-4063-BA6D-830ADEB16FD1}.Debug|x64.ActiveCfg = Debug|Any CPU
		{EF1FDDFF-5608-4063-BA6D-830ADEB16FD1}.Debug|x64.Build.0 = Debug|Any CPU
		{EF1FDDFF-5608-4063-BA6D-830ADEB16FD1}.Debug|x86.ActiveCfg = Debug|Any CPU
		{EF1FDDFF-5608-4063-BA6D-830ADEB16FD1}.Debug|x86.Build.0 = Debug|Any CPU
		{EF1FDDFF-5608-4063-BA6D-830ADEB16FD1}.Release|Any CPU.ActiveCfg = Release|Any CPU
		{EF1FDDFF-5608-4063-BA6D-830ADEB16FD1}.Release|Any CPU.Build.0 = Release|Any CPU
		{EF1FDDFF-5608-4063-BA6D-830ADEB16FD1}.Release|x64.ActiveCfg = Release|Any CPU
		{EF1FDDFF-5608-4063-BA6D-830ADEB16FD1}.Release|x64.Build.0 = Release|Any CPU
		{EF1FDDFF-5608-4063-BA6D-830ADEB16FD1}.Release|x86.ActiveCfg = Release|Any CPU
		{EF1FDDFF-5608-4063-BA6D-830ADEB16FD1}.Release|x86.Build.0 = Release|Any CPU
		{D4402660-66FE-4F53-9755-C93F05656231}.Debug|Any CPU.ActiveCfg = Debug|Any CPU
		{D4402660-66FE-4F53-9755-C93F05656231}.Debug|Any CPU.Build.0 = Debug|Any CPU
		{D4402660-66FE-4F53-9755-C93F05656231}.Debug|x64.ActiveCfg = Debug|Any CPU
		{D4402660-66FE-4F53-9755-C93F05656231}.Debug|x64.Build.0 = Debug|Any CPU
		{D4402660-66FE-4F53-9755-C93F05656231}.Debug|x86.ActiveCfg = Debug|Any CPU
		{D4402660-66FE-4F53-9755-C93F05656231}.Debug|x86.Build.0 = Debug|Any CPU
		{D4402660-66FE-4F53-9755-C93F05656231}.Release|Any CPU.ActiveCfg = Release|Any CPU
		{D4402660-66FE-4F53-9755-C93F05656231}.Release|Any CPU.Build.0 = Release|Any CPU
		{D4402660-66FE-4F53-9755-C93F05656231}.Release|x64.ActiveCfg = Release|Any CPU
		{D4402660-66FE-4F53-9755-C93F05656231}.Release|x64.Build.0 = Release|Any CPU
		{D4402660-66FE-4F53-9755-C93F05656231}.Release|x86.ActiveCfg = Release|Any CPU
		{D4402660-66FE-4F53-9755-C93F05656231}.Release|x86.Build.0 = Release|Any CPU
		{76507A4F-8732-4703-B6F0-B9E8258E646E}.Debug|Any CPU.ActiveCfg = Debug|Any CPU
		{76507A4F-8732-4703-B6F0-B9E8258E646E}.Debug|Any CPU.Build.0 = Debug|Any CPU
		{76507A4F-8732-4703-B6F0-B9E8258E646E}.Debug|x64.ActiveCfg = Debug|Any CPU
		{76507A4F-8732-4703-B6F0-B9E8258E646E}.Debug|x64.Build.0 = Debug|Any CPU
		{76507A4F-8732-4703-B6F0-B9E8258E646E}.Debug|x86.ActiveCfg = Debug|Any CPU
		{76507A4F-8732-4703-B6F0-B9E8258E646E}.Debug|x86.Build.0 = Debug|Any CPU
		{76507A4F-8732-4703-B6F0-B9E8258E646E}.Release|Any CPU.ActiveCfg = Release|Any CPU
		{76507A4F-8732-4703-B6F0-B9E8258E646E}.Release|Any CPU.Build.0 = Release|Any CPU
		{76507A4F-8732-4703-B6F0-B9E8258E646E}.Release|x64.ActiveCfg = Release|Any CPU
		{76507A4F-8732-4703-B6F0-B9E8258E646E}.Release|x64.Build.0 = Release|Any CPU
		{76507A4F-8732-4703-B6F0-B9E8258E646E}.Release|x86.ActiveCfg = Release|Any CPU
		{76507A4F-8732-4703-B6F0-B9E8258E646E}.Release|x86.Build.0 = Release|Any CPU
		{8C35B7E8-16A5-4E96-B85E-7DEAD14F22D7}.Debug|Any CPU.ActiveCfg = Debug|Any CPU
		{8C35B7E8-16A5-4E96-B85E-7DEAD14F22D7}.Debug|Any CPU.Build.0 = Debug|Any CPU
		{8C35B7E8-16A5-4E96-B85E-7DEAD14F22D7}.Debug|x64.ActiveCfg = Debug|Any CPU
		{8C35B7E8-16A5-4E96-B85E-7DEAD14F22D7}.Debug|x64.Build.0 = Debug|Any CPU
		{8C35B7E8-16A5-4E96-B85E-7DEAD14F22D7}.Debug|x86.ActiveCfg = Debug|Any CPU
		{8C35B7E8-16A5-4E96-B85E-7DEAD14F22D7}.Debug|x86.Build.0 = Debug|Any CPU
		{8C35B7E8-16A5-4E96-B85E-7DEAD14F22D7}.Release|Any CPU.ActiveCfg = Release|Any CPU
		{8C35B7E8-16A5-4E96-B85E-7DEAD14F22D7}.Release|Any CPU.Build.0 = Release|Any CPU
		{8C35B7E8-16A5-4E96-B85E-7DEAD14F22D7}.Release|x64.ActiveCfg = Release|Any CPU
		{8C35B7E8-16A5-4E96-B85E-7DEAD14F22D7}.Release|x64.Build.0 = Release|Any CPU
		{8C35B7E8-16A5-4E96-B85E-7DEAD14F22D7}.Release|x86.ActiveCfg = Release|Any CPU
		{8C35B7E8-16A5-4E96-B85E-7DEAD14F22D7}.Release|x86.Build.0 = Release|Any CPU
		{E7A36D0E-1206-4F23-8D18-C02A6A5383F9}.Debug|Any CPU.ActiveCfg = Debug|Any CPU
		{E7A36D0E-1206-4F23-8D18-C02A6A5383F9}.Debug|Any CPU.Build.0 = Debug|Any CPU
		{E7A36D0E-1206-4F23-8D18-C02A6A5383F9}.Debug|x64.ActiveCfg = Debug|Any CPU
		{E7A36D0E-1206-4F23-8D18-C02A6A5383F9}.Debug|x64.Build.0 = Debug|Any CPU
		{E7A36D0E-1206-4F23-8D18-C02A6A5383F9}.Debug|x86.ActiveCfg = Debug|Any CPU
		{E7A36D0E-1206-4F23-8D18-C02A6A5383F9}.Debug|x86.Build.0 = Debug|Any CPU
		{E7A36D0E-1206-4F23-8D18-C02A6A5383F9}.Release|Any CPU.ActiveCfg = Release|Any CPU
		{E7A36D0E-1206-4F23-8D18-C02A6A5383F9}.Release|Any CPU.Build.0 = Release|Any CPU
		{E7A36D0E-1206-4F23-8D18-C02A6A5383F9}.Release|x64.ActiveCfg = Release|Any CPU
		{E7A36D0E-1206-4F23-8D18-C02A6A5383F9}.Release|x64.Build.0 = Release|Any CPU
		{E7A36D0E-1206-4F23-8D18-C02A6A5383F9}.Release|x86.ActiveCfg = Release|Any CPU
		{E7A36D0E-1206-4F23-8D18-C02A6A5383F9}.Release|x86.Build.0 = Release|Any CPU
		{8F642332-3984-42BA-964D-A78814504F80}.Debug|Any CPU.ActiveCfg = Debug|Any CPU
		{8F642332-3984-42BA-964D-A78814504F80}.Debug|Any CPU.Build.0 = Debug|Any CPU
		{8F642332-3984-42BA-964D-A78814504F80}.Debug|x64.ActiveCfg = Debug|Any CPU
		{8F642332-3984-42BA-964D-A78814504F80}.Debug|x64.Build.0 = Debug|Any CPU
		{8F642332-3984-42BA-964D-A78814504F80}.Debug|x86.ActiveCfg = Debug|Any CPU
		{8F642332-3984-42BA-964D-A78814504F80}.Debug|x86.Build.0 = Debug|Any CPU
		{8F642332-3984-42BA-964D-A78814504F80}.Release|Any CPU.ActiveCfg = Release|Any CPU
		{8F642332-3984-42BA-964D-A78814504F80}.Release|Any CPU.Build.0 = Release|Any CPU
		{8F642332-3984-42BA-964D-A78814504F80}.Release|x64.ActiveCfg = Release|Any CPU
		{8F642332-3984-42BA-964D-A78814504F80}.Release|x64.Build.0 = Release|Any CPU
		{8F642332-3984-42BA-964D-A78814504F80}.Release|x86.ActiveCfg = Release|Any CPU
		{8F642332-3984-42BA-964D-A78814504F80}.Release|x86.Build.0 = Release|Any CPU
		{4D4115F3-8A35-4C93-B4F5-C7B2A7854C01}.Debug|Any CPU.ActiveCfg = Debug|Any CPU
		{4D4115F3-8A35-4C93-B4F5-C7B2A7854C01}.Debug|Any CPU.Build.0 = Debug|Any CPU
		{4D4115F3-8A35-4C93-B4F5-C7B2A7854C01}.Debug|x64.ActiveCfg = Debug|Any CPU
		{4D4115F3-8A35-4C93-B4F5-C7B2A7854C01}.Debug|x64.Build.0 = Debug|Any CPU
		{4D4115F3-8A35-4C93-B4F5-C7B2A7854C01}.Debug|x86.ActiveCfg = Debug|Any CPU
		{4D4115F3-8A35-4C93-B4F5-C7B2A7854C01}.Debug|x86.Build.0 = Debug|Any CPU
		{4D4115F3-8A35-4C93-B4F5-C7B2A7854C01}.Release|Any CPU.ActiveCfg = Release|Any CPU
		{4D4115F3-8A35-4C93-B4F5-C7B2A7854C01}.Release|Any CPU.Build.0 = Release|Any CPU
		{4D4115F3-8A35-4C93-B4F5-C7B2A7854C01}.Release|x64.ActiveCfg = Release|Any CPU
		{4D4115F3-8A35-4C93-B4F5-C7B2A7854C01}.Release|x64.Build.0 = Release|Any CPU
		{4D4115F3-8A35-4C93-B4F5-C7B2A7854C01}.Release|x86.ActiveCfg = Release|Any CPU
		{4D4115F3-8A35-4C93-B4F5-C7B2A7854C01}.Release|x86.Build.0 = Release|Any CPU
		{F7AC2394-1939-4DC0-9A82-581C07069ACC}.Debug|Any CPU.ActiveCfg = Debug|Any CPU
		{F7AC2394-1939-4DC0-9A82-581C07069ACC}.Debug|Any CPU.Build.0 = Debug|Any CPU
		{F7AC2394-1939-4DC0-9A82-581C07069ACC}.Debug|x64.ActiveCfg = Debug|Any CPU
		{F7AC2394-1939-4DC0-9A82-581C07069ACC}.Debug|x64.Build.0 = Debug|Any CPU
		{F7AC2394-1939-4DC0-9A82-581C07069ACC}.Debug|x86.ActiveCfg = Debug|Any CPU
		{F7AC2394-1939-4DC0-9A82-581C07069ACC}.Debug|x86.Build.0 = Debug|Any CPU
		{F7AC2394-1939-4DC0-9A82-581C07069ACC}.Release|Any CPU.ActiveCfg = Release|Any CPU
		{F7AC2394-1939-4DC0-9A82-581C07069ACC}.Release|Any CPU.Build.0 = Release|Any CPU
		{F7AC2394-1939-4DC0-9A82-581C07069ACC}.Release|x64.ActiveCfg = Release|Any CPU
		{F7AC2394-1939-4DC0-9A82-581C07069ACC}.Release|x64.Build.0 = Release|Any CPU
		{F7AC2394-1939-4DC0-9A82-581C07069ACC}.Release|x86.ActiveCfg = Release|Any CPU
		{F7AC2394-1939-4DC0-9A82-581C07069ACC}.Release|x86.Build.0 = Release|Any CPU
		{248C237D-69DA-47B7-A4FD-0F1573571CA5}.Debug|Any CPU.ActiveCfg = Debug|Any CPU
		{248C237D-69DA-47B7-A4FD-0F1573571CA5}.Debug|Any CPU.Build.0 = Debug|Any CPU
		{248C237D-69DA-47B7-A4FD-0F1573571CA5}.Debug|x64.ActiveCfg = Debug|Any CPU
		{248C237D-69DA-47B7-A4FD-0F1573571CA5}.Debug|x64.Build.0 = Debug|Any CPU
		{248C237D-69DA-47B7-A4FD-0F1573571CA5}.Debug|x86.ActiveCfg = Debug|Any CPU
		{248C237D-69DA-47B7-A4FD-0F1573571CA5}.Debug|x86.Build.0 = Debug|Any CPU
		{248C237D-69DA-47B7-A4FD-0F1573571CA5}.Release|Any CPU.ActiveCfg = Release|Any CPU
		{248C237D-69DA-47B7-A4FD-0F1573571CA5}.Release|Any CPU.Build.0 = Release|Any CPU
		{248C237D-69DA-47B7-A4FD-0F1573571CA5}.Release|x64.ActiveCfg = Release|Any CPU
		{248C237D-69DA-47B7-A4FD-0F1573571CA5}.Release|x64.Build.0 = Release|Any CPU
		{248C237D-69DA-47B7-A4FD-0F1573571CA5}.Release|x86.ActiveCfg = Release|Any CPU
		{248C237D-69DA-47B7-A4FD-0F1573571CA5}.Release|x86.Build.0 = Release|Any CPU
		{1D145FEA-0561-413F-A315-69EAD06EC855}.Debug|Any CPU.ActiveCfg = Debug|Any CPU
		{1D145FEA-0561-413F-A315-69EAD06EC855}.Debug|Any CPU.Build.0 = Debug|Any CPU
		{1D145FEA-0561-413F-A315-69EAD06EC855}.Debug|x64.ActiveCfg = Debug|Any CPU
		{1D145FEA-0561-413F-A315-69EAD06EC855}.Debug|x64.Build.0 = Debug|Any CPU
		{1D145FEA-0561-413F-A315-69EAD06EC855}.Debug|x86.ActiveCfg = Debug|Any CPU
		{1D145FEA-0561-413F-A315-69EAD06EC855}.Debug|x86.Build.0 = Debug|Any CPU
		{1D145FEA-0561-413F-A315-69EAD06EC855}.Release|Any CPU.ActiveCfg = Release|Any CPU
		{1D145FEA-0561-413F-A315-69EAD06EC855}.Release|Any CPU.Build.0 = Release|Any CPU
		{1D145FEA-0561-413F-A315-69EAD06EC855}.Release|x64.ActiveCfg = Release|Any CPU
		{1D145FEA-0561-413F-A315-69EAD06EC855}.Release|x64.Build.0 = Release|Any CPU
		{1D145FEA-0561-413F-A315-69EAD06EC855}.Release|x86.ActiveCfg = Release|Any CPU
		{1D145FEA-0561-413F-A315-69EAD06EC855}.Release|x86.Build.0 = Release|Any CPU
	EndGlobalSection
	GlobalSection(SolutionProperties) = preSolution
		HideSolutionNode = FALSE
	EndGlobalSection
	GlobalSection(NestedProjects) = preSolution
		{C398CF15-81BC-4FDD-82B2-E340CC503708} = {0AB3BF05-4346-4AA6-1389-037BE0695223}
		{F7AC2394-1939-4DC0-9A82-581C07069ACC} = {827E0CD3-B72D-47B6-A68D-7590B98EB39B}
		{248C237D-69DA-47B7-A4FD-0F1573571CA5} = {0AB3BF05-4346-4AA6-1389-037BE0695223}
		{1D145FEA-0561-413F-A315-69EAD06EC855} = {0AB3BF05-4346-4AA6-1389-037BE0695223}
	EndGlobalSection
EndGlobal
