
Microsoft Visual Studio Solution File, Format Version 12.00
Project("{FAE04EC0-301F-11D3-BF4B-00C04F79EFBC}") = "CStructSharp", "src\CStructSharp\CStructSharp.csproj", "{EF1FDDFF-5608-4063-BA6D-830ADEB16FD1}"
EndProject
Project("{FAE04EC0-301F-11D3-BF4B-00C04F79EFBC}") = "CStructSharpTests", "tests\CStructSharpTests\CStructSharpTests.csproj", "{D4402660-66FE-4F53-9755-C93F05656231}"
EndProject
Project("{FAE04EC0-301F-11D3-BF4B-00C04F79EFBC}") = "CStructSharpWeb.Wasm", "src\CStructSharp.Wasm\CStructSharpWeb.Wasm.csproj", "{76507A4F-8732-4703-B6F0-B9E8258E646E}"
EndProject
Project("{FAE04EC0-301F-11D3-BF4B-00C04F79EFBC}") = "CStructSharp.Benchmarks", "benchmarks\CStructSharp.Benchmarks\CStructSharp.Benchmarks.csproj", "{8C35B7E8-16A5-4E96-B85E-7DEAD14F22D7}"
EndProject
Project("{FAE04EC0-301F-11D3-BF4B-00C04F79EFBC}") = "CStructSharp.Fuzz", "tests\CStructSharp.Fuzz\CStructSharp.Fuzz.csproj", "{E7A36D0E-1206-4F23-8D18-C02A6A5383F9}"
EndProject
Project("{FAE04EC0-301F-11D3-BF4B-00C04F79EFBC}") = "CStructSharp.FixtureTool", "benchmarks\CStructSharp.FixtureTool\CStructSharp.FixtureTool.csproj", "{8F642332-3984-42BA-964D-A78814504F80}"
EndProject
Project("{FAE04EC0-301F-11D3-BF4B-00C04F79EFBC}") = "MemoryAnalysis", "docs\examples\memory-analysis\MemoryAnalysis.csproj", "{4D4115F3-8A35-4C93-B4F5-C7B2A7854C01}"
EndProject
Global
	GlobalSection(SolutionConfigurationPlatforms) = preSolution
		Debug|Any CPU = Debug|Any CPU
		Release|Any CPU = Release|Any CPU
	EndGlobalSection
	GlobalSection(ProjectConfigurationPlatforms) = postSolution
		{4D4115F3-8A35-4C93-B4F5-C7B2A7854C01}.Debug|Any CPU.ActiveCfg = Debug|Any CPU
		{4D4115F3-8A35-4C93-B4F5-C7B2A7854C01}.Debug|Any CPU.Build.0 = Debug|Any CPU
		{4D4115F3-8A35-4C93-B4F5-C7B2A7854C01}.Release|Any CPU.ActiveCfg = Release|Any CPU
		{4D4115F3-8A35-4C93-B4F5-C7B2A7854C01}.Release|Any CPU.Build.0 = Release|Any CPU
		{EF1FDDFF-5608-4063-BA6D-830ADEB16FD1}.Debug|Any CPU.ActiveCfg = Debug|Any CPU
		{EF1FDDFF-5608-4063-BA6D-830ADEB16FD1}.Debug|Any CPU.Build.0 = Debug|Any CPU
		{EF1FDDFF-5608-4063-BA6D-830ADEB16FD1}.Release|Any CPU.ActiveCfg = Release|Any CPU
		{EF1FDDFF-5608-4063-BA6D-830ADEB16FD1}.Release|Any CPU.Build.0 = Release|Any CPU
		{D4402660-66FE-4F53-9755-C93F05656231}.Debug|Any CPU.ActiveCfg = Debug|Any CPU
		{D4402660-66FE-4F53-9755-C93F05656231}.Debug|Any CPU.Build.0 = Debug|Any CPU
		{D4402660-66FE-4F53-9755-C93F05656231}.Release|Any CPU.ActiveCfg = Release|Any CPU
		{D4402660-66FE-4F53-9755-C93F05656231}.Release|Any CPU.Build.0 = Release|Any CPU
		{76507A4F-8732-4703-B6F0-B9E8258E646E}.Debug|Any CPU.ActiveCfg = Debug|Any CPU
		{76507A4F-8732-4703-B6F0-B9E8258E646E}.Debug|Any CPU.Build.0 = Debug|Any CPU
		{76507A4F-8732-4703-B6F0-B9E8258E646E}.Release|Any CPU.ActiveCfg = Release|Any CPU
		{76507A4F-8732-4703-B6F0-B9E8258E646E}.Release|Any CPU.Build.0 = Release|Any CPU
		{8C35B7E8-16A5-4E96-B85E-7DEAD14F22D7}.Debug|Any CPU.ActiveCfg = Debug|Any CPU
		{8C35B7E8-16A5-4E96-B85E-7DEAD14F22D7}.Debug|Any CPU.Build.0 = Debug|Any CPU
		{8C35B7E8-16A5-4E96-B85E-7DEAD14F22D7}.Release|Any CPU.ActiveCfg = Release|Any CPU
		{8C35B7E8-16A5-4E96-B85E-7DEAD14F22D7}.Release|Any CPU.Build.0 = Release|Any CPU
		{E7A36D0E-1206-4F23-8D18-C02A6A5383F9}.Debug|Any CPU.ActiveCfg = Debug|Any CPU
		{E7A36D0E-1206-4F23-8D18-C02A6A5383F9}.Debug|Any CPU.Build.0 = Debug|Any CPU
		{E7A36D0E-1206-4F23-8D18-C02A6A5383F9}.Release|Any CPU.ActiveCfg = Release|Any CPU
		{E7A36D0E-1206-4F23-8D18-C02A6A5383F9}.Release|Any CPU.Build.0 = Release|Any CPU
		{8F642332-3984-42BA-964D-A78814504F80}.Debug|Any CPU.ActiveCfg = Debug|Any CPU
		{8F642332-3984-42BA-964D-A78814504F80}.Debug|Any CPU.Build.0 = Debug|Any CPU
		{8F642332-3984-42BA-964D-A78814504F80}.Release|Any CPU.ActiveCfg = Release|Any CPU
		{8F642332-3984-42BA-964D-A78814504F80}.Release|Any CPU.Build.0 = Release|Any CPU
	EndGlobalSection
EndGlobal
